
Microsoft Visual Studio Solution File, Format Version 12.00
# Visual Studio 15
VisualStudioVersion = 15.0.28307.960
MinimumVisualStudioVersion = 10.0.40219.1
Project("{FAE04EC0-301F-11D3-BF4B-00C04F79EFBC}") = "Battery Management", "Battery Management\Battery Management.csproj", "{0ED50448-7E48-4CEF-A180-F6007C3E033F}"
EndProject
Global
	GlobalSection(SolutionConfigurationPlatforms) = preSolution
		Debug|Any CPU = Debug|Any CPU
		Release|Any CPU = Release|Any CPU
	EndGlobalSection
	GlobalSection(ProjectConfigurationPlatforms) = postSolution
		{0ED50448-7E48-4CEF-A180-F6007C3E033F}.Debug|Any CPU.ActiveCfg = Debug|Any CPU
		{0ED50448-7E48-4CEF-A180-F6007C3E033F}.Debug|Any CPU.Build.0 = Debug|Any CPU
		{0ED50448-7E48-4CEF-A180-F6007C3E033F}.Release|Any CPU.ActiveCfg = Release|Any CPU
		{0ED50448-7E48-4CEF-A180-F6007C3E033F}.Release|Any CPU.Build.0 = Release|Any CPU
	EndGlobalSection
	GlobalSection(SolutionProperties) = preSolution
		HideSolutionNode = FALSE
	EndGlobalSection
	GlobalSection(ExtensibilityGlobals) = postSolution
		SolutionGuid = {D8C121F1-2E4D-45A9-AAC9-0EB3560AE8E6}
	EndGlobalSection
EndGlobal
